
Microsoft Visual Studio Solution File, Format Version 12.00
# Visual Studio Version 17
VisualStudioVersion = 17.5.2.0
MinimumVisualStudioVersion = 10.0.40219.1
Project("{FAE04EC0-301F-11D3-BF4B-00C04F79EFBC}") = "sports-mcp", "sports-mcp.csproj", "{80B8230D-D6EF-BBD9-2B93-05283AE5C1A6}"
EndProject
Project("{FAE04EC0-301F-11D3-BF4B-00C04F79EFBC}") = "sports-mcp.Tests", "sports-mcp.Tests\sports-mcp.Tests.csproj", "{189ACABF-06A3-45E1-B699-FBF153A707F9}"
EndProject
Global
	GlobalSection(SolutionConfigurationPlatforms) = preSolution
		Debug|Any CPU = Debug|Any CPU
		Debug|x64 = Debug|x64
		Debug|x86 = Debug|x86
		Release|Any CPU = Release|Any CPU
		Release|x64 = Release|x64
		Release|x86 = Release|x86
	EndGlobalSection
	GlobalSection(ProjectConfigurationPlatforms) = postSolution
		{80B8230D-D6EF-BBD9-2B93-05283AE5C1A6}.Debug|Any CPU.ActiveCfg = Debug|Any CPU
		{80B8230D-D6EF-BBD9-2B93-05283AE5C1A6}.Debug|Any CPU.Build.0 = Debug|Any CPU
		{80B8230D-D6EF-BBD9-2B93-05283AE5C1A6}.Debug|x64.ActiveCfg = Debug|Any CPU
		{80B8230D-D6EF-BBD9-2B93-05283AE5C1A6}.Debug|x64.Build.0 = Debug|Any CPU
		{80B8230D-D6EF-BBD9-2B93-05283AE5C1A6}.Debug|x86.ActiveCfg = Debug|Any CPU
		{80B8230D-D6EF-BBD9-2B93-05283AE5C1A6}.Debug|x86.Build.0 = Debug|Any CPU
		{80B8230D-D6EF-BBD9-2B93-05283AE5C1A6}.Release|Any CPU.ActiveCfg = Release|Any CPU
		{80B8230D-D6EF-BBD9-2B93-05283AE5C1A6}.Release|Any CPU.Build.0 = Release|Any CPU
		{80B8230D-D6EF-BBD9-2B93-05283AE5C1A6}.Release|x64.ActiveCfg = Release|Any CPU
		{80B8230D-D6EF-BBD9-2B93-05283AE5C1A6}.Release|x64.Build.0 = Release|Any CPU
		{80B8230D-D6EF-BBD9-2B93-05283AE5C1A6}.Release|x86.ActiveCfg = Release|Any CPU
		{80B8230D-D6EF-BBD9-2B93-05283AE5C1A6}.Release|x86.Build.0 = Release|Any CPU
		{189ACABF-06A3-45E1-B699-FBF153A707F9}.Debug|Any CPU.ActiveCfg = Debug|Any CPU
		{189ACABF-06A3-45E1-B699-FBF153A707F9}.Debug|Any CPU.Build.0 = Debug|Any CPU
		{189ACABF-06A3-45E1-B699-FBF153A707F9}.Debug|x64.ActiveCfg = Debug|Any CPU
		{189ACABF-06A3-45E1-B699-FBF153A707F9}.Debug|x64.Build.0 = Debug|Any CPU
		{189ACABF-06A3-45E1-B699-FBF153A707F9}.Debug|x86.ActiveCfg = Debug|Any CPU
		{189ACABF-06A3-45E1-B699-FBF153A707F9}.Debug|x86.Build.0 = Debug|Any CPU
		{189ACABF-06A3-45E1-B699-FBF153A707F9}.Release|Any CPU.ActiveCfg = Release|Any CPU
		{189ACABF-06A3-45E1-B699-FBF153A707F9}.Release|Any CPU.Build.0 = Release|Any CPU
		{189ACABF-06A3-45E1-B699-FBF153A707F9}.Release|x64.ActiveCfg = Release|Any CPU
		{189ACABF-06A3-45E1-B699-FBF153A707F9}.Release|x64.Build.0 = Release|Any CPU
		{189ACABF-06A3-45E1-B699-FBF153A707F9}.Release|x86.ActiveCfg = Release|Any CPU
		{189ACABF-06A3-45E1-B699-FBF153A707F9}.Release|x86.Build.0 = Release|Any CPU
	EndGlobalSection
	GlobalSection(SolutionProperties) = preSolution
		HideSolutionNode = FALSE
	EndGlobalSection
	GlobalSection(ExtensibilityGlobals) = postSolution
		SolutionGuid = {133AAF05-9EF5-4144-870F-307F987D508F}
	EndGlobalSection
EndGlobal
